
Microsoft Visual Studio Solution File, Format Version 12.00
# Visual Studio 15
VisualStudioVersion = 15.0.28307.572
MinimumVisualStudioVersion = 10.0.40219.1
Project("{FAE04EC0-301F-11D3-BF4B-00C04F79EFBC}") = "MusicPlayer.Android", "MusicPlayer\MusicPlayer.Android\MusicPlayer.Android.csproj", "{AC81FAE3-D74D-4761-8BD8-EEBA53BB4287}"
EndProject
Project("{FAE04EC0-301F-11D3-BF4B-00C04F79EFBC}") = "MusicPlayer.iOS", "MusicPlayer\MusicPlayer.iOS\MusicPlayer.iOS.csproj", "{E195F3A0-DD27-455C-8330-9CA90A23E378}"
EndProject
Project("{FAE04EC0-301F-11D3-BF4B-00C04F79EFBC}") = "MusicPlayer", "MusicPlayer\MusicPlayer\MusicPlayer.csproj", "{8B672126-A76F-4215-9111-6A4CC9407371}"
EndProject
Global
	GlobalSection(SolutionConfigurationPlatforms) = preSolution
		Ad-Hoc|Any CPU = Ad-Hoc|Any CPU
		Ad-Hoc|iPhone = Ad-Hoc|iPhone
		Ad-Hoc|iPhoneSimulator = Ad-Hoc|iPhoneSimulator
		AppStore|Any CPU = AppStore|Any CPU
		AppStore|iPhone = AppStore|iPhone
		AppStore|iPhoneSimulator = AppStore|iPhoneSimulator
		Debug|Any CPU = Debug|Any CPU
		Debug|iPhone = Debug|iPhone
		Debug|iPhoneSimulator = Debug|iPhoneSimulator
		Release|Any CPU = Release|Any CPU
		Release|iPhone = Release|iPhone
		Release|iPhoneSimulator = Release|iPhoneSimulator
	EndGlobalSection
	GlobalSection(ProjectConfigurationPlatforms) = postSolution
		{AC81FAE3-D74D-4761-8BD8-EEBA53BB4287}.Ad-Hoc|Any CPU.ActiveCfg = Release|Any CPU
		{AC81FAE3-D74D-4761-8BD8-EEBA53BB4287}.Ad-Hoc|Any CPU.Build.0 = Release|Any CPU
		{AC81FAE3-D74D-4761-8BD8-EEBA53BB4287}.Ad-Hoc|Any CPU.Deploy.0 = Release|Any CPU
		{AC81FAE3-D74D-4761-8BD8-EEBA53BB4287}.Ad-Hoc|iPhone.ActiveCfg = Release|Any CPU
		{AC81FAE3-D74D-4761-8BD8-EEBA53BB4287}.Ad-Hoc|iPhone.Build.0 = Release|Any CPU
		{AC81FAE3-D74D-4761-8BD8-EEBA53BB4287}.Ad-Hoc|iPhone.Deploy.0 = Release|Any CPU
		{AC81FAE3-D74D-4761-8BD8-EEBA53BB4287}.Ad-Hoc|iPhoneSimulator.ActiveCfg = Release|Any CPU
		{AC81FAE3-D74D-4761-8BD8-EEBA53BB4287}.Ad-Hoc|iPhoneSimulator.Build.0 = Release|Any CPU
		{AC81FAE3-D74D-4761-8BD8-EEBA53BB4287}.Ad-Hoc|iPhoneSimulator.Deploy.0 = Release|Any CPU
		{AC81FAE3-D74D-4761-8BD8-EEBA53BB4287}.AppStore|Any CPU.ActiveCfg = Release|Any CPU
		{AC81FAE3-D74D-4761-8BD8-EEBA53BB4287}.AppStore|Any CPU.Build.0 = Release|Any CPU
		{AC81FAE3-D74D-4761-8BD8-EEBA53BB4287}.AppStore|Any CPU.Deploy.0 = Release|Any CPU
		{AC81FAE3-D74D-4761-8BD8-EEBA53BB4287}.AppStore|iPhone.ActiveCfg = Release|Any CPU
		{AC81FAE3-D74D-4761-8BD8-EEBA53BB4287}.AppStore|iPhone.Build.0 = Release|Any CPU
		{AC81FAE3-D74D-4761-8BD8-EEBA53BB4287}.AppStore|iPhone.Deploy.0 = Release|Any CPU
		{AC81FAE3-D74D-4761-8BD8-EEBA53BB4287}.AppStore|iPhoneSimulator.ActiveCfg = Release|Any CPU
		{AC81FAE3-D74D-4761-8BD8-EEBA53BB4287}.AppStore|iPhoneSimulator.Build.0 = Release|Any CPU
		{AC81FAE3-D74D-4761-8BD8-EEBA53BB4287}.AppStore|iPhoneSimulator.Deploy.0 = Release|Any CPU
		{AC81FAE3-D74D-4761-8BD8-EEBA53BB4287}.Debug|Any CPU.ActiveCfg = Debug|Any CPU
		{AC81FAE3-D74D-4761-8BD8-EEBA53BB4287}.Debug|Any CPU.Build.0 = Debug|Any CPU
		{AC81FAE3-D74D-4761-8BD8-EEBA53BB4287}.Debug|Any CPU.Deploy.0 = Debug|Any CPU
		{AC81FAE3-D74D-4761-8BD8-EEBA53BB4287}.Debug|iPhone.ActiveCfg = Debug|Any CPU
		{AC81FAE3-D74D-4761-8BD8-EEBA53BB4287}.Debug|iPhone.Build.0 = Debug|Any CPU
		{AC81FAE3-D74D-4761-8BD8-EEBA53BB4287}.Debug|iPhone.Deploy.0 = Debug|Any CPU
		{AC81FAE3-D74D-4761-8BD8-EEBA53BB4287}.Debug|iPhoneSimulator.ActiveCfg = Debug|Any CPU
		{AC81FAE3-D74D-4761-8BD8-EEBA53BB4287}.Debug|iPhoneSimulator.Build.0 = Debug|Any CPU
		{AC81FAE3-D74D-4761-8BD8-EEBA53BB4287}.Debug|iPhoneSimulator.Deploy.0 = Debug|Any CPU
		{AC81FAE3-D74D-4761-8BD8-EEBA53BB4287}.Release|Any CPU.ActiveCfg = Release|Any CPU
		{AC81FAE3-D74D-4761-8BD8-EEBA53BB4287}.Release|Any CPU.Build.0 = Release|Any CPU
		{AC81FAE3-D74D-4761-8BD8-EEBA53BB4287}.Release|Any CPU.Deploy.0 = Release|Any CPU
		{AC81FAE3-D74D-4761-8BD8-EEBA53BB4287}.Release|iPhone.ActiveCfg = Release|Any CPU
		{AC81FAE3-D74D-4761-8BD8-EEBA53BB4287}.Release|iPhone.Build.0 = Release|Any CPU
		{AC81FAE3-D74D-4761-8BD8-EEBA53BB4287}.Release|iPhone.Deploy.0 = Release|Any CPU
		{AC81FAE3-D74D-4761-8BD8-EEBA53BB4287}.Release|iPhoneSimulator.ActiveCfg = Release|Any CPU
		{AC81FAE3-D74D-4761-8BD8-EEBA53BB4287}.Release|iPhoneSimulator.Build.0 = Release|Any CPU
		{AC81FAE3-D74D-4761-8BD8-EEBA53BB4287}.Release|iPhoneSimulator.Deploy.0 = Release|Any CPU
		{E195F3A0-DD27-455C-8330-9CA90A23E378}.Ad-Hoc|Any CPU.ActiveCfg = Ad-Hoc|iPhone
		{E195F3A0-DD27-455C-8330-9CA90A23E378}.Ad-Hoc|Any CPU.Build.0 = Ad-Hoc|iPhone
		{E195F3A0-DD27-455C-8330-9CA90A23E378}.Ad-Hoc|Any CPU.Deploy.0 = Ad-Hoc|iPhone
		{E195F3A0-DD27-455C-8330-9CA90A23E378}.Ad-Hoc|iPhone.ActiveCfg = Ad-Hoc|iPhone
		{E195F3A0-DD27-455C-8330-9CA90A23E378}.Ad-Hoc|iPhone.Build.0 = Ad-Hoc|iPhone
		{E195F3A0-DD27-455C-8330-9CA90A23E378}.Ad-Hoc|iPhone.Deploy.0 = Ad-Hoc|iPhone
		{E195F3A0-DD27-455C-8330-9CA90A23E378}.Ad-Hoc|iPhoneSimulator.ActiveCfg = Ad-Hoc|iPhoneSimulator
		{E195F3A0-DD27-455C-8330-9CA90A23E378}.Ad-Hoc|iPhoneSimulator.Build.0 = Ad-Hoc|iPhoneSimulator
		{E195F3A0-DD27-455C-8330-9CA90A23E378}.Ad-Hoc|iPhoneSimulator.Deploy.0 = Ad-Hoc|iPhoneSimulator
		{E195F3A0-DD27-455C-8330-9CA90A23E378}.AppStore|Any CPU.ActiveCfg = AppStore|iPhone
		{E195F3A0-DD27-455C-8330-9CA90A23E378}.AppStore|Any CPU.Build.0 = AppStore|iPhone
		{E195F3A0-DD27-455C-8330-9CA90A23E378}.AppStore|Any CPU.Deploy.0 = AppStore|iPhone
		{E195F3A0-DD27-455C-8330-9CA90A23E378}.AppStore|iPhone.ActiveCfg = AppStore|iPhone
		{E195F3A0-DD27-455C-8330-9CA90A23E378}.AppStore|iPhone.Build.0 = AppStore|iPhone
		{E195F3A0-DD27-455C-8330-9CA90A23E378}.AppStore|iPhone.Deploy.0 = AppStore|iPhone
		{E195F3A0-DD27-455C-8330-9CA90A23E378}.AppStore|iPhoneSimulator.ActiveCfg = AppStore|iPhoneSimulator
		{E195F3A0-DD27-455C-8330-9CA90A23E378}.AppStore|iPhoneSimulator.Build.0 = AppStore|iPhoneSimulator
		{E195F3A0-DD27-455C-8330-9CA90A23E378}.AppStore|iPhoneSimulator.Deploy.0 = AppStore|iPhoneSimulator
		{E195F3A0-DD27-455C-8330-9CA90A23E378}.Debug|Any CPU.ActiveCfg = Debug|iPhoneSimulator
		{E195F3A0-DD27-455C-8330-9CA90A23E378}.Debug|Any CPU.Build.0 = Debug|iPhoneSimulator
		{E195F3A0-DD27-455C-8330-9CA90A23E378}.Debug|Any CPU.Deploy.0 = Debug|iPhoneSimulator
		{E195F3A0-DD27-455C-8330-9CA90A23E378}.Debug|iPhone.ActiveCfg = Debug|iPhone
		{E195F3A0-DD27-455C-8330-9CA90A23E378}.Debug|iPhone.Build.0 = Debug|iPhone
		{E195F3A0-DD27-455C-8330-9CA90A23E378}.Debug|iPhone.Deploy.0 = Debug|iPhone
		{E195F3A0-DD27-455C-8330-9CA90A23E378}.Debug|iPhoneSimulator.ActiveCfg = Debug|iPhoneSimulator
		{E195F3A0-DD27-455C-8330-9CA90A23E378}.Debug|iPhoneSimulator.Build.0 = Debug|iPhoneSimulator
		{E195F3A0-DD27-455C-8330-9CA90A23E378}.Debug|iPhoneSimulator.Deploy.0 = Debug|iPhoneSimulator
		{E195F3A0-DD27-455C-8330-9CA90A23E378}.Release|Any CPU.ActiveCfg = Release|iPhone
		{E195F3A0-DD27-455C-8330-9CA90A23E378}.Release|Any CPU.Build.0 = Release|iPhone
		{E195F3A0-DD27-455C-8330-9CA90A23E378}.Release|Any CPU.Deploy.0 = Release|iPhone
		{E195F3A0-DD27-455C-8330-9CA90A23E378}.Release|iPhone.ActiveCfg = Release|iPhone
		{E195F3A0-DD27-455C-8330-9CA90A23E378}.Release|iPhone.Build.0 = Release|iPhone
		{E195F3A0-DD27-455C-8330-9CA90A23E378}.Release|iPhone.Deploy.0 = Release|iPhone
		{E195F3A0-DD27-455C-8330-9CA90A23E378}.Release|iPhoneSimulator.ActiveCfg = Release|iPhoneSimulator
		{E195F3A0-DD27-455C-8330-9CA90A23E378}.Release|iPhoneSimulator.Build.0 = Release|iPhoneSimulator
		{E195F3A0-DD27-455C-8330-9CA90A23E378}.Release|iPhoneSimulator.Deploy.0 = Release|iPhoneSimulator
		{8B672126-A76F-4215-9111-6A4CC9407371}.Ad-Hoc|Any CPU.ActiveCfg = Debug|Any CPU
		{8B672126-A76F-4215-9111-6A4CC9407371}.Ad-Hoc|Any CPU.Build.0 = Debug|Any CPU
		{8B672126-A76F-4215-9111-6A4CC9407371}.Ad-Hoc|Any CPU.Deploy.0 = Debug|Any CPU
		{8B672126-A76F-4215-9111-6A4CC9407371}.Ad-Hoc|iPhone.ActiveCfg = Debug|Any CPU
		{8B672126-A76F-4215-9111-6A4CC9407371}.Ad-Hoc|iPhone.Build.0 = Debug|Any CPU
		{8B672126-A76F-4215-9111-6A4CC9407371}.Ad-Hoc|iPhone.Deploy.0 = Debug|Any CPU
		{8B672126-A76F-4215-9111-6A4CC9407371}.Ad-Hoc|iPhoneSimulator.ActiveCfg = Debug|Any CPU
		{8B672126-A76F-4215-9111-6A4CC9407371}.Ad-Hoc|iPhoneSimulator.Build.0 = Debug|Any CPU
		{8B672126-A76F-4215-9111-6A4CC9407371}.Ad-Hoc|iPhoneSimulator.Deploy.0 = Debug|Any CPU
		{8B672126-A76F-4215-9111-6A4CC9407371}.AppStore|Any CPU.ActiveCfg = Debug|Any CPU
		{8B672126-A76F-4215-9111-6A4CC9407371}.AppStore|Any CPU.Build.0 = Debug|Any CPU
		{8B672126-A76F-4215-9111-6A4CC9407371}.AppStore|Any CPU.Deploy.0 = Debug|Any CPU
		{8B672126-A76F-4215-9111-6A4CC9407371}.AppStore|iPhone.ActiveCfg = Debug|Any CPU
		{8B672126-A76F-4215-9111-6A4CC9407371}.AppStore|iPhone.Build.0 = Debug|Any CPU
		{8B672126-A76F-4215-9111-6A4CC9407371}.AppStore|iPhone.Deploy.0 = Debug|Any CPU
		{8B672126-A76F-4215-9111-6A4CC9407371}.AppStore|iPhoneSimulator.ActiveCfg = Debug|Any CPU
		{8B672126-A76F-4215-9111-6A4CC9407371}.AppStore|iPhoneSimulator.Build.0 = Debug|Any CPU
		{8B672126-A76F-4215-9111-6A4CC9407371}.AppStore|iPhoneSimulator.Deploy.0 = Debug|Any CPU
		{8B672126-A76F-4215-9111-6A4CC9407371}.Debug|Any CPU.ActiveCfg = Debug|Any CPU
		{8B672126-A76F-4215-9111-6A4CC9407371}.Debug|Any CPU.Build.0 = Debug|Any CPU
		{8B672126-A76F-4215-9111-6A4CC9407371}.Debug|Any CPU.Deploy.0 = Debug|Any CPU
		{8B672126-A76F-4215-9111-6A4CC9407371}.Debug|iPhone.ActiveCfg = Debug|Any CPU
		{8B672126-A76F-4215-9111-6A4CC9407371}.Debug|iPhone.Build.0 = Debug|Any CPU
		{8B672126-A76F-4215-9111-6A4CC9407371}.Debug|iPhone.Deploy.0 = Debug|Any CPU
		{8B672126-A76F-4215-9111-6A4CC9407371}.Debug|iPhoneSimulator.ActiveCfg = Debug|Any CPU
		{8B672126-A76F-4215-9111-6A4CC9407371}.Debug|iPhoneSimulator.Build.0 = Debug|Any CPU
		{8B672126-A76F-4215-9111-6A4CC9407371}.Debug|iPhoneSimulator.Deploy.0 = Debug|Any CPU
		{8B672126-A76F-4215-9111-6A4CC9407371}.Release|Any CPU.ActiveCfg = Release|Any CPU
		{8B672126-A76F-4215-9111-6A4CC9407371}.Release|Any CPU.Build.0 = Release|Any CPU
		{8B672126-A76F-4215-9111-6A4CC9407371}.Release|Any CPU.Deploy.0 = Release|Any CPU
		{8B672126-A76F-4215-9111-6A4CC9407371}.Release|iPhone.ActiveCfg = Release|Any CPU
		{8B672126-A76F-4215-9111-6A4CC9407371}.Release|iPhone.Build.0 = Release|Any CPU
		{8B672126-A76F-4215-9111-6A4CC9407371}.Release|iPhone.Deploy.0 = Release|Any CPU
		{8B672126-A76F-4215-9111-6A4CC9407371}.Release|iPhoneSimulator.ActiveCfg = Release|Any CPU
		{8B672126-A76F-4215-9111-6A4CC9407371}.Release|iPhoneSimulator.Build.0 = Release|Any CPU
		{8B672126-A76F-4215-9111-6A4CC9407371}.Release|iPhoneSimulator.Deploy.0 = Release|Any CPU
	EndGlobalSection
	GlobalSection(SolutionProperties) = preSolution
		HideSolutionNode = FALSE
	EndGlobalSection
	GlobalSection(ExtensibilityGlobals) = postSolution
		SolutionGuid = {3CBD0B26-953E-4419-8B4D-9D6D47F1F75D}
	EndGlobalSection
EndGlobal
